
Microsoft Visual Studio Solution File, Format Version 12.00
# Visual Studio Version 16
VisualStudioVersion = 16.0.29806.167
MinimumVisualStudioVersion = 10.0.40219.1
Project("{9A19103F-16F7-4668-BE54-9A1E7A4F7556}") = "Constructor", "Constructor\Constructor.csproj", "{AB303903-B087-4AA2-8407-6D8B7993EE56}"
EndProject
Project("{FAE04EC0-301F-11D3-BF4B-00C04F79EFBC}") = "ConstructorInjection", "ConstructorInjection\ConstructorInjection.csproj", "{1451ACC5-E5B8-4115-B7CC-3F92AF38F486}"
EndProject
Project("{FAE04EC0-301F-11D3-BF4B-00C04F79EFBC}") = "ParameterToBaseClassWithConstructor", "ParameterToBaseClassWithConstructor\ParameterToBaseClassWithConstructor.csproj", "{9B074373-9172-4678-9E37-7F6313208837}"
EndProject
Global
	GlobalSection(SolutionConfigurationPlatforms) = preSolution
		Debug|Any CPU = Debug|Any CPU
		Release|Any CPU = Release|Any CPU
	EndGlobalSection
	GlobalSection(ProjectConfigurationPlatforms) = postSolution
		{AB303903-B087-4AA2-8407-6D8B7993EE56}.Debug|Any CPU.ActiveCfg = Debug|Any CPU
		{AB303903-B087-4AA2-8407-6D8B7993EE56}.Debug|Any CPU.Build.0 = Debug|Any CPU
		{AB303903-B087-4AA2-8407-6D8B7993EE56}.Release|Any CPU.ActiveCfg = Release|Any CPU
		{AB303903-B087-4AA2-8407-6D8B7993EE56}.Release|Any CPU.Build.0 = Release|Any CPU
		{1451ACC5-E5B8-4115-B7CC-3F92AF38F486}.Debug|Any CPU.ActiveCfg = Debug|Any CPU
		{1451ACC5-E5B8-4115-B7CC-3F92AF38F486}.Debug|Any CPU.Build.0 = Debug|Any CPU
		{1451ACC5-E5B8-4115-B7CC-3F92AF38F486}.Release|Any CPU.ActiveCfg = Release|Any CPU
		{1451ACC5-E5B8-4115-B7CC-3F92AF38F486}.Release|Any CPU.Build.0 = Release|Any CPU
		{9B074373-9172-4678-9E37-7F6313208837}.Debug|Any CPU.ActiveCfg = Debug|Any CPU
		{9B074373-9172-4678-9E37-7F6313208837}.Debug|Any CPU.Build.0 = Debug|Any CPU
		{9B074373-9172-4678-9E37-7F6313208837}.Release|Any CPU.ActiveCfg = Release|Any CPU
		{9B074373-9172-4678-9E37-7F6313208837}.Release|Any CPU.Build.0 = Release|Any CPU
	EndGlobalSection
	GlobalSection(SolutionProperties) = preSolution
		HideSolutionNode = FALSE
	EndGlobalSection
	GlobalSection(ExtensibilityGlobals) = postSolution
		SolutionGuid = {7394D29B-318F-432D-AF30-FE4971569ACF}
	EndGlobalSection
EndGlobal
